
Microsoft Visual Studio Solution File, Format Version 12.00
# Visual Studio Version 16
VisualStudioVersion = 16.0.30011.22
MinimumVisualStudioVersion = 10.0.40219.1
Project("{9A19103F-16F7-4668-BE54-9A1E7A4F7556}") = "DomowaBiblioteka", "DomowaBiblioteka\DomowaBiblioteka.csproj", "{4BE23B74-264B-427D-8098-CA9F02C7A6E9}"
EndProject
Project("{FAE04EC0-301F-11D3-BF4B-00C04F79EFBC}") = "DomowaBiblioteka.WebApi", "DomowaBiblioteka.WebApi\DomowaBiblioteka.WebApi.csproj", "{5A898409-3F66-42D1-B6BC-98D597F39A07}"
EndProject
Global
	GlobalSection(SolutionConfigurationPlatforms) = preSolution
		Debug|Any CPU = Debug|Any CPU
		Release|Any CPU = Release|Any CPU
	EndGlobalSection
	GlobalSection(ProjectConfigurationPlatforms) = postSolution
		{4BE23B74-264B-427D-8098-CA9F02C7A6E9}.Debug|Any CPU.ActiveCfg = Debug|Any CPU
		{4BE23B74-264B-427D-8098-CA9F02C7A6E9}.Debug|Any CPU.Build.0 = Debug|Any CPU
		{4BE23B74-264B-427D-8098-CA9F02C7A6E9}.Release|Any CPU.ActiveCfg = Release|Any CPU
		{4BE23B74-264B-427D-8098-CA9F02C7A6E9}.Release|Any CPU.Build.0 = Release|Any CPU
		{5A898409-3F66-42D1-B6BC-98D597F39A07}.Debug|Any CPU.ActiveCfg = Debug|Any CPU
		{5A898409-3F66-42D1-B6BC-98D597F39A07}.Debug|Any CPU.Build.0 = Debug|Any CPU
		{5A898409-3F66-42D1-B6BC-98D597F39A07}.Release|Any CPU.ActiveCfg = Release|Any CPU
		{5A898409-3F66-42D1-B6BC-98D597F39A07}.Release|Any CPU.Build.0 = Release|Any CPU
	EndGlobalSection
	GlobalSection(SolutionProperties) = preSolution
		HideSolutionNode = FALSE
	EndGlobalSection
	GlobalSection(ExtensibilityGlobals) = postSolution
		SolutionGuid = {4EB69891-EE19-4FDE-92F1-595199C90447}
	EndGlobalSection
EndGlobal
